
Microsoft Visual Studio Solution File, Format Version 12.00
# Visual Studio 14
VisualStudioVersion = 14.0.23107.0
MinimumVisualStudioVersion = 10.0.40219.1
Project("{159641D6-6404-4A2A-AE62-294DE0FE8301}") = "Insert using Lookup", "Insert using Lookup\Insert using Lookup.dtproj", "{C955B19D-B70E-4270-AD04-68E69EE2098A}"
EndProject
Global
	GlobalSection(SolutionConfigurationPlatforms) = preSolution
		Development|Default = Development|Default
	EndGlobalSection
	GlobalSection(ProjectConfigurationPlatforms) = postSolution
		{C955B19D-B70E-4270-AD04-68E69EE2098A}.Development|Default.ActiveCfg = Development
		{C955B19D-B70E-4270-AD04-68E69EE2098A}.Development|Default.Build.0 = Development
	EndGlobalSection
	GlobalSection(SolutionProperties) = preSolution
		HideSolutionNode = FALSE
	EndGlobalSection
EndGlobal
